
Microsoft Visual Studio Solution File, Format Version 12.00
# Visual Studio 14
VisualStudioVersion = 14.0.23107.0
MinimumVisualStudioVersion = 10.0.40219.1
Project("{FAE04EC0-301F-11D3-BF4B-00C04F79EFBC}") = "NeighborhoodInformantApp", "NeighborhoodInformantApp\NeighborhoodInformantApp.csproj", "{345B6B31-634A-4D7F-B7AF-749321526CED}"
EndProject
Global
	GlobalSection(SolutionConfigurationPlatforms) = preSolution
		Debug|Any CPU = Debug|Any CPU
		Release|Any CPU = Release|Any CPU
	EndGlobalSection
	GlobalSection(ProjectConfigurationPlatforms) = postSolution
		{345B6B31-634A-4D7F-B7AF-749321526CED}.Debug|Any CPU.ActiveCfg = Debug|Any CPU
		{345B6B31-634A-4D7F-B7AF-749321526CED}.Debug|Any CPU.Build.0 = Debug|Any CPU
		{345B6B31-634A-4D7F-B7AF-749321526CED}.Release|Any CPU.ActiveCfg = Release|Any CPU
		{345B6B31-634A-4D7F-B7AF-749321526CED}.Release|Any CPU.Build.0 = Release|Any CPU
	EndGlobalSection
	GlobalSection(SolutionProperties) = preSolution
		HideSolutionNode = FALSE
	EndGlobalSection
EndGlobal
